
Microsoft Visual Studio Solution File, Format Version 12.00
# Visual Studio 14
VisualStudioVersion = 14.0.23107.0
MinimumVisualStudioVersion = 10.0.40219.1
Project("{FAE04EC0-301F-11D3-BF4B-00C04F79EFBC}") = "Generic List", "Generic List\Generic List.csproj", "{458E221D-7368-4E70-8366-E6F2B4CBA6FB}"
EndProject
Project("{FAE04EC0-301F-11D3-BF4B-00C04F79EFBC}") = "Galactic GPS", "Galactic GPS\Galactic GPS.csproj", "{4DA37FF5-89B9-4C59-8A17-F290A98E2FAE}"
EndProject
Project("{FAE04EC0-301F-11D3-BF4B-00C04F79EFBC}") = "Fraction", "Fraction\Fraction.csproj", "{3FCAF88A-C94C-4AB2-B04F-1329FB652C25}"
EndProject
Global
	GlobalSection(SolutionConfigurationPlatforms) = preSolution
		Debug|Any CPU = Debug|Any CPU
		Release|Any CPU = Release|Any CPU
	EndGlobalSection
	GlobalSection(ProjectConfigurationPlatforms) = postSolution
		{458E221D-7368-4E70-8366-E6F2B4CBA6FB}.Debug|Any CPU.ActiveCfg = Debug|Any CPU
		{458E221D-7368-4E70-8366-E6F2B4CBA6FB}.Debug|Any CPU.Build.0 = Debug|Any CPU
		{458E221D-7368-4E70-8366-E6F2B4CBA6FB}.Release|Any CPU.ActiveCfg = Release|Any CPU
		{458E221D-7368-4E70-8366-E6F2B4CBA6FB}.Release|Any CPU.Build.0 = Release|Any CPU
		{4DA37FF5-89B9-4C59-8A17-F290A98E2FAE}.Debug|Any CPU.ActiveCfg = Debug|Any CPU
		{4DA37FF5-89B9-4C59-8A17-F290A98E2FAE}.Debug|Any CPU.Build.0 = Debug|Any CPU
		{4DA37FF5-89B9-4C59-8A17-F290A98E2FAE}.Release|Any CPU.ActiveCfg = Release|Any CPU
		{4DA37FF5-89B9-4C59-8A17-F290A98E2FAE}.Release|Any CPU.Build.0 = Release|Any CPU
		{3FCAF88A-C94C-4AB2-B04F-1329FB652C25}.Debug|Any CPU.ActiveCfg = Debug|Any CPU
		{3FCAF88A-C94C-4AB2-B04F-1329FB652C25}.Debug|Any CPU.Build.0 = Debug|Any CPU
		{3FCAF88A-C94C-4AB2-B04F-1329FB652C25}.Release|Any CPU.ActiveCfg = Release|Any CPU
		{3FCAF88A-C94C-4AB2-B04F-1329FB652C25}.Release|Any CPU.Build.0 = Release|Any CPU
	EndGlobalSection
	GlobalSection(SolutionProperties) = preSolution
		HideSolutionNode = FALSE
	EndGlobalSection
EndGlobal
