
Microsoft Visual Studio Solution File, Format Version 12.00
# Visual Studio 14
VisualStudioVersion = 14.0.23107.0
MinimumVisualStudioVersion = 10.0.40219.1
Project("{FAE04EC0-301F-11D3-BF4B-00C04F79EFBC}") = "OOP Training", "OOP Training\OOP Training.csproj", "{F5EE6D86-70E3-4CF0-BE34-282917C85B1B}"
EndProject
Project("{FAE04EC0-301F-11D3-BF4B-00C04F79EFBC}") = "RPG Game", "RPG Game\RPG Game.csproj", "{E1AA4043-6744-4465-9A0C-814672FA3ECB}"
EndProject
Global
	GlobalSection(SolutionConfigurationPlatforms) = preSolution
		Debug|Any CPU = Debug|Any CPU
		Release|Any CPU = Release|Any CPU
	EndGlobalSection
	GlobalSection(ProjectConfigurationPlatforms) = postSolution
		{F5EE6D86-70E3-4CF0-BE34-282917C85B1B}.Debug|Any CPU.ActiveCfg = Debug|Any CPU
		{F5EE6D86-70E3-4CF0-BE34-282917C85B1B}.Debug|Any CPU.Build.0 = Debug|Any CPU
		{F5EE6D86-70E3-4CF0-BE34-282917C85B1B}.Release|Any CPU.ActiveCfg = Release|Any CPU
		{F5EE6D86-70E3-4CF0-BE34-282917C85B1B}.Release|Any CPU.Build.0 = Release|Any CPU
		{E1AA4043-6744-4465-9A0C-814672FA3ECB}.Debug|Any CPU.ActiveCfg = Debug|Any CPU
		{E1AA4043-6744-4465-9A0C-814672FA3ECB}.Debug|Any CPU.Build.0 = Debug|Any CPU
		{E1AA4043-6744-4465-9A0C-814672FA3ECB}.Release|Any CPU.ActiveCfg = Release|Any CPU
		{E1AA4043-6744-4465-9A0C-814672FA3ECB}.Release|Any CPU.Build.0 = Release|Any CPU
	EndGlobalSection
	GlobalSection(SolutionProperties) = preSolution
		HideSolutionNode = FALSE
	EndGlobalSection
EndGlobal
